
Microsoft Visual Studio Solution File, Format Version 12.00
# Visual Studio Version 17
VisualStudioVersion = 17.9.34616.47
MinimumVisualStudioVersion = 10.0.40219.1
Project("{9A19103F-16F7-4668-BE54-9A1E7A4F7556}") = "Ordering.API", "Ordering.API\Ordering.API.csproj", "{356D404D-1BA3-494E-A0DC-E0283A0AD3D2}"
EndProject
Project("{9A19103F-16F7-4668-BE54-9A1E7A4F7556}") = "Ordering.Domain", "Ordering.Domain\Ordering.Domain.csproj", "{1B2232C4-999A-4E0F-8545-D7A009D4122A}"
EndProject
Project("{9A19103F-16F7-4668-BE54-9A1E7A4F7556}") = "Ordering.Application", "Ordering.Application\Ordering.Application.csproj", "{C1E99B56-9B0A-499E-9387-AFB40C43F257}"
EndProject
Project("{9A19103F-16F7-4668-BE54-9A1E7A4F7556}") = "Ordering.Write.Infrastructure", "Ordering.Infrastructure\Ordering.Write.Infrastructure.csproj", "{4F1CEC73-9A7B-4DC9-A0FC-15DB8D7C2058}"
EndProject
Project("{2150E333-8FDC-42A3-9474-1A3956D46DE8}") = "Application", "Application", "{3C9019B4-F7A0-49E9-836F-F861B21D9F1B}"
EndProject
Project("{2150E333-8FDC-42A3-9474-1A3956D46DE8}") = "Core", "Core", "{DE8C4005-C501-4B2E-8E32-D963F117DA2E}"
EndProject
Project("{2150E333-8FDC-42A3-9474-1A3956D46DE8}") = "Infrastructure", "Infrastructure", "{01236815-5D91-4EAC-8896-2A52D64B4431}"
EndProject
Project("{2150E333-8FDC-42A3-9474-1A3956D46DE8}") = "Business", "Business", "{87A337D6-5D2A-4CD0-A7BD-7B72F467E6E8}"
EndProject
Project("{2150E333-8FDC-42A3-9474-1A3956D46DE8}") = "Shared", "Shared", "{ED212CD5-06A1-4718-AD01-507CFB0A0D50}"
EndProject
Project("{9A19103F-16F7-4668-BE54-9A1E7A4F7556}") = "Ordering.Read.Infrastructure", "Ordering.Read.Infrastructure\Ordering.Read.Infrastructure.csproj", "{312C17AF-6395-49FA-8702-5BC70252C030}"
EndProject
Project("{9A19103F-16F7-4668-BE54-9A1E7A4F7556}") = "Ordering.EventStore", "Ordering.EventStore\Ordering.EventStore.csproj", "{20812781-66F6-4F17-A6B5-94A885DACE57}"
EndProject
Project("{9A19103F-16F7-4668-BE54-9A1E7A4F7556}") = "Ordering.Cache", "Ordering.Cache\Ordering.Cache.csproj", "{11D9DA18-F37F-4186-AD83-8C9F52A402BC}"
EndProject
Project("{9A19103F-16F7-4668-BE54-9A1E7A4F7556}") = "Eshop.Events", "Eshop.Events\Eshop.Events.csproj", "{81BDCC64-E8A9-450E-ACD4-409EDD65ABF2}"
EndProject
Project("{9A19103F-16F7-4668-BE54-9A1E7A4F7556}") = "EventBus", "EventBus\EventBus.csproj", "{915EA91C-2CD5-4FC8-A336-68F1B4456177}"
EndProject
Project("{9A19103F-16F7-4668-BE54-9A1E7A4F7556}") = "EventBus.Kafka", "EventBus.Kafka\EventBus.Kafka.csproj", "{05F288EF-20B2-4E76-AA2B-FBB769B1AEC5}"
EndProject
Project("{2150E333-8FDC-42A3-9474-1A3956D46DE8}") = "Nuget", "Nuget", "{7DD26012-841D-4093-A25A-C3EC9309D411}"
EndProject
Project("{FAE04EC0-301F-11D3-BF4B-00C04F79EFBC}") = "Mehedi.Core.SharedKernel", "Mehedi.SharedKernel\Mehedi.Core.SharedKernel.csproj", "{0072569E-BADD-4DE9-8494-8EE3946EF3D5}"
EndProject
Global
	GlobalSection(SolutionConfigurationPlatforms) = preSolution
		Debug|Any CPU = Debug|Any CPU
		Release|Any CPU = Release|Any CPU
	EndGlobalSection
	GlobalSection(ProjectConfigurationPlatforms) = postSolution
		{356D404D-1BA3-494E-A0DC-E0283A0AD3D2}.Debug|Any CPU.ActiveCfg = Debug|Any CPU
		{356D404D-1BA3-494E-A0DC-E0283A0AD3D2}.Debug|Any CPU.Build.0 = Debug|Any CPU
		{356D404D-1BA3-494E-A0DC-E0283A0AD3D2}.Release|Any CPU.ActiveCfg = Release|Any CPU
		{356D404D-1BA3-494E-A0DC-E0283A0AD3D2}.Release|Any CPU.Build.0 = Release|Any CPU
		{1B2232C4-999A-4E0F-8545-D7A009D4122A}.Debug|Any CPU.ActiveCfg = Debug|Any CPU
		{1B2232C4-999A-4E0F-8545-D7A009D4122A}.Debug|Any CPU.Build.0 = Debug|Any CPU
		{1B2232C4-999A-4E0F-8545-D7A009D4122A}.Release|Any CPU.ActiveCfg = Release|Any CPU
		{1B2232C4-999A-4E0F-8545-D7A009D4122A}.Release|Any CPU.Build.0 = Release|Any CPU
		{C1E99B56-9B0A-499E-9387-AFB40C43F257}.Debug|Any CPU.ActiveCfg = Debug|Any CPU
		{C1E99B56-9B0A-499E-9387-AFB40C43F257}.Debug|Any CPU.Build.0 = Debug|Any CPU
		{C1E99B56-9B0A-499E-9387-AFB40C43F257}.Release|Any CPU.ActiveCfg = Release|Any CPU
		{C1E99B56-9B0A-499E-9387-AFB40C43F257}.Release|Any CPU.Build.0 = Release|Any CPU
		{4F1CEC73-9A7B-4DC9-A0FC-15DB8D7C2058}.Debug|Any CPU.ActiveCfg = Debug|Any CPU
		{4F1CEC73-9A7B-4DC9-A0FC-15DB8D7C2058}.Debug|Any CPU.Build.0 = Debug|Any CPU
		{4F1CEC73-9A7B-4DC9-A0FC-15DB8D7C2058}.Release|Any CPU.ActiveCfg = Release|Any CPU
		{4F1CEC73-9A7B-4DC9-A0FC-15DB8D7C2058}.Release|Any CPU.Build.0 = Release|Any CPU
		{312C17AF-6395-49FA-8702-5BC70252C030}.Debug|Any CPU.ActiveCfg = Debug|Any CPU
		{312C17AF-6395-49FA-8702-5BC70252C030}.Debug|Any CPU.Build.0 = Debug|Any CPU
		{312C17AF-6395-49FA-8702-5BC70252C030}.Release|Any CPU.ActiveCfg = Release|Any CPU
		{312C17AF-6395-49FA-8702-5BC70252C030}.Release|Any CPU.Build.0 = Release|Any CPU
		{20812781-66F6-4F17-A6B5-94A885DACE57}.Debug|Any CPU.ActiveCfg = Debug|Any CPU
		{20812781-66F6-4F17-A6B5-94A885DACE57}.Debug|Any CPU.Build.0 = Debug|Any CPU
		{20812781-66F6-4F17-A6B5-94A885DACE57}.Release|Any CPU.ActiveCfg = Release|Any CPU
		{20812781-66F6-4F17-A6B5-94A885DACE57}.Release|Any CPU.Build.0 = Release|Any CPU
		{11D9DA18-F37F-4186-AD83-8C9F52A402BC}.Debug|Any CPU.ActiveCfg = Debug|Any CPU
		{11D9DA18-F37F-4186-AD83-8C9F52A402BC}.Debug|Any CPU.Build.0 = Debug|Any CPU
		{11D9DA18-F37F-4186-AD83-8C9F52A402BC}.Release|Any CPU.ActiveCfg = Release|Any CPU
		{11D9DA18-F37F-4186-AD83-8C9F52A402BC}.Release|Any CPU.Build.0 = Release|Any CPU
		{81BDCC64-E8A9-450E-ACD4-409EDD65ABF2}.Debug|Any CPU.ActiveCfg = Debug|Any CPU
		{81BDCC64-E8A9-450E-ACD4-409EDD65ABF2}.Debug|Any CPU.Build.0 = Debug|Any CPU
		{81BDCC64-E8A9-450E-ACD4-409EDD65ABF2}.Release|Any CPU.ActiveCfg = Release|Any CPU
		{81BDCC64-E8A9-450E-ACD4-409EDD65ABF2}.Release|Any CPU.Build.0 = Release|Any CPU
		{915EA91C-2CD5-4FC8-A336-68F1B4456177}.Debug|Any CPU.ActiveCfg = Debug|Any CPU
		{915EA91C-2CD5-4FC8-A336-68F1B4456177}.Debug|Any CPU.Build.0 = Debug|Any CPU
		{915EA91C-2CD5-4FC8-A336-68F1B4456177}.Release|Any CPU.ActiveCfg = Release|Any CPU
		{915EA91C-2CD5-4FC8-A336-68F1B4456177}.Release|Any CPU.Build.0 = Release|Any CPU
		{05F288EF-20B2-4E76-AA2B-FBB769B1AEC5}.Debug|Any CPU.ActiveCfg = Debug|Any CPU
		{05F288EF-20B2-4E76-AA2B-FBB769B1AEC5}.Debug|Any CPU.Build.0 = Debug|Any CPU
		{05F288EF-20B2-4E76-AA2B-FBB769B1AEC5}.Release|Any CPU.ActiveCfg = Release|Any CPU
		{05F288EF-20B2-4E76-AA2B-FBB769B1AEC5}.Release|Any CPU.Build.0 = Release|Any CPU
		{0072569E-BADD-4DE9-8494-8EE3946EF3D5}.Debug|Any CPU.ActiveCfg = Debug|Any CPU
		{0072569E-BADD-4DE9-8494-8EE3946EF3D5}.Debug|Any CPU.Build.0 = Debug|Any CPU
		{0072569E-BADD-4DE9-8494-8EE3946EF3D5}.Release|Any CPU.ActiveCfg = Release|Any CPU
		{0072569E-BADD-4DE9-8494-8EE3946EF3D5}.Release|Any CPU.Build.0 = Release|Any CPU
	EndGlobalSection
	GlobalSection(SolutionProperties) = preSolution
		HideSolutionNode = FALSE
	EndGlobalSection
	GlobalSection(NestedProjects) = preSolution
		{356D404D-1BA3-494E-A0DC-E0283A0AD3D2} = {87A337D6-5D2A-4CD0-A7BD-7B72F467E6E8}
		{1B2232C4-999A-4E0F-8545-D7A009D4122A} = {DE8C4005-C501-4B2E-8E32-D963F117DA2E}
		{C1E99B56-9B0A-499E-9387-AFB40C43F257} = {3C9019B4-F7A0-49E9-836F-F861B21D9F1B}
		{4F1CEC73-9A7B-4DC9-A0FC-15DB8D7C2058} = {01236815-5D91-4EAC-8896-2A52D64B4431}
		{312C17AF-6395-49FA-8702-5BC70252C030} = {01236815-5D91-4EAC-8896-2A52D64B4431}
		{20812781-66F6-4F17-A6B5-94A885DACE57} = {01236815-5D91-4EAC-8896-2A52D64B4431}
		{11D9DA18-F37F-4186-AD83-8C9F52A402BC} = {01236815-5D91-4EAC-8896-2A52D64B4431}
		{81BDCC64-E8A9-450E-ACD4-409EDD65ABF2} = {ED212CD5-06A1-4718-AD01-507CFB0A0D50}
		{915EA91C-2CD5-4FC8-A336-68F1B4456177} = {ED212CD5-06A1-4718-AD01-507CFB0A0D50}
		{05F288EF-20B2-4E76-AA2B-FBB769B1AEC5} = {ED212CD5-06A1-4718-AD01-507CFB0A0D50}
		{0072569E-BADD-4DE9-8494-8EE3946EF3D5} = {7DD26012-841D-4093-A25A-C3EC9309D411}
	EndGlobalSection
	GlobalSection(ExtensibilityGlobals) = postSolution
		SolutionGuid = {3458519B-7B2B-479F-AB12-2E78DF591DD3}
	EndGlobalSection
EndGlobal
