
Microsoft Visual Studio Solution File, Format Version 12.00
# Visual Studio Version 17
VisualStudioVersion = 17.5.002.0
MinimumVisualStudioVersion = 10.0.40219.1
Project("{9A19103F-16F7-4668-BE54-9A1E7A4F7556}") = "EventSourcing.API", "EventSourcing.API.csproj", "{D1903759-D91E-4B2C-A866-C15318A63A28}"
EndProject
Global
	GlobalSection(SolutionConfigurationPlatforms) = preSolution
		Debug|Any CPU = Debug|Any CPU
		Release|Any CPU = Release|Any CPU
	EndGlobalSection
	GlobalSection(ProjectConfigurationPlatforms) = postSolution
		{D1903759-D91E-4B2C-A866-C15318A63A28}.Debug|Any CPU.ActiveCfg = Debug|Any CPU
		{D1903759-D91E-4B2C-A866-C15318A63A28}.Debug|Any CPU.Build.0 = Debug|Any CPU
		{D1903759-D91E-4B2C-A866-C15318A63A28}.Release|Any CPU.ActiveCfg = Release|Any CPU
		{D1903759-D91E-4B2C-A866-C15318A63A28}.Release|Any CPU.Build.0 = Release|Any CPU
	EndGlobalSection
	GlobalSection(SolutionProperties) = preSolution
		HideSolutionNode = FALSE
	EndGlobalSection
	GlobalSection(ExtensibilityGlobals) = postSolution
		SolutionGuid = {25793094-B2BD-4412-A007-2BA7D22D7322}
	EndGlobalSection
EndGlobal
